
Microsoft Visual Studio Solution File, Format Version 12.00
# Visual Studio Version 17
VisualStudioVersion = 17.11.35312.102
MinimumVisualStudioVersion = 10.0.40219.1
Project("{FAE04EC0-301F-11D3-BF4B-00C04F79EFBC}") = "PersonCRUDClient", "PersonCRUDClient\PersonCRUDClient.csproj", "{B7282CB2-8274-4447-A567-8D228D0ACBE2}"
EndProject
Global
	GlobalSection(SolutionConfigurationPlatforms) = preSolution
		Debug|Any CPU = Debug|Any CPU
		Release|Any CPU = Release|Any CPU
	EndGlobalSection
	GlobalSection(ProjectConfigurationPlatforms) = postSolution
		{B7282CB2-8274-4447-A567-8D228D0ACBE2}.Debug|Any CPU.ActiveCfg = Debug|Any CPU
		{B7282CB2-8274-4447-A567-8D228D0ACBE2}.Debug|Any CPU.Build.0 = Debug|Any CPU
		{B7282CB2-8274-4447-A567-8D228D0ACBE2}.Release|Any CPU.ActiveCfg = Release|Any CPU
		{B7282CB2-8274-4447-A567-8D228D0ACBE2}.Release|Any CPU.Build.0 = Release|Any CPU
	EndGlobalSection
	GlobalSection(SolutionProperties) = preSolution
		HideSolutionNode = FALSE
	EndGlobalSection
	GlobalSection(ExtensibilityGlobals) = postSolution
		SolutionGuid = {BBA6DB23-8318-46AA-B89B-C6A5E41E755F}
	EndGlobalSection
EndGlobal
